
Microsoft Visual Studio Solution File, Format Version 12.00
# Visual Studio 15
VisualStudioVersion = 15.0.27703.2026
MinimumVisualStudioVersion = 10.0.40219.1
Project("{FAE04EC0-301F-11D3-BF4B-00C04F79EFBC}") = "selenium_course", "selenium_course\selenium_course.csproj", "{323E9891-7A66-4A33-B8E3-3C38EF643E91}"
EndProject
Global
	GlobalSection(SolutionConfigurationPlatforms) = preSolution
		Debug|Any CPU = Debug|Any CPU
		Release|Any CPU = Release|Any CPU
	EndGlobalSection
	GlobalSection(ProjectConfigurationPlatforms) = postSolution
		{323E9891-7A66-4A33-B8E3-3C38EF643E91}.Debug|Any CPU.ActiveCfg = Debug|Any CPU
		{323E9891-7A66-4A33-B8E3-3C38EF643E91}.Debug|Any CPU.Build.0 = Debug|Any CPU
		{323E9891-7A66-4A33-B8E3-3C38EF643E91}.Release|Any CPU.ActiveCfg = Release|Any CPU
		{323E9891-7A66-4A33-B8E3-3C38EF643E91}.Release|Any CPU.Build.0 = Release|Any CPU
	EndGlobalSection
	GlobalSection(SolutionProperties) = preSolution
		HideSolutionNode = FALSE
	EndGlobalSection
	GlobalSection(ExtensibilityGlobals) = postSolution
		SolutionGuid = {01285A9F-CBC7-44D2-8C6C-52B6F4BCB6D6}
	EndGlobalSection
EndGlobal
